// !$*UTF8*$!
{
	archiveVersion = 1;
	classes = {
	};
	objectVersion = 56;
	objects = {

/* Begin PBXBuildFile section */
		1625581B11BADB32C19349A2 /* Pods_BusyShopTests.framework in Frameworks */ = {isa = PBXBuildFile; fileRef = DF0D2B19F0D6D533B5EE9A6F /* Pods_BusyShopTests.framework */; };
		276914DC290A6821005F88AE /* AppDelegate.swift in Sources */ = {isa = PBXBuildFile; fileRef = 276914DB290A6821005F88AE /* AppDelegate.swift */; };
		276914DE290A6821005F88AE /* SceneDelegate.swift in Sources */ = {isa = PBXBuildFile; fileRef = 276914DD290A6821005F88AE /* SceneDelegate.swift */; };
		276914E0290A6821005F88AE /* HomeScene.swift in Sources */ = {isa = PBXBuildFile; fileRef = 276914DF290A6821005F88AE /* HomeScene.swift */; };
		276914E3290A6821005F88AE /* Main.storyboard in Resources */ = {isa = PBXBuildFile; fileRef = 276914E1290A6821005F88AE /* Main.storyboard */; };
		276914E5290A6822005F88AE /* Assets.xcassets in Resources */ = {isa = PBXBuildFile; fileRef = 276914E4290A6822005F88AE /* Assets.xcassets */; };
		276914E8290A6822005F88AE /* LaunchScreen.storyboard in Resources */ = {isa = PBXBuildFile; fileRef = 276914E6290A6822005F88AE /* LaunchScreen.storyboard */; };
		276914F3290A6822005F88AE /* BusyShopTests.swift in Sources */ = {isa = PBXBuildFile; fileRef = 276914F2290A6822005F88AE /* BusyShopTests.swift */; };
		276914FD290A6822005F88AE /* BusyShopUITests.swift in Sources */ = {isa = PBXBuildFile; fileRef = 276914FC290A6822005F88AE /* BusyShopUITests.swift */; };
		276914FF290A6822005F88AE /* BusyShopUITestsLaunchTests.swift in Sources */ = {isa = PBXBuildFile; fileRef = 276914FE290A6822005F88AE /* BusyShopUITestsLaunchTests.swift */; };
		2769150C290A6D14005F88AE /* GoogleService-Info.plist in Resources */ = {isa = PBXBuildFile; fileRef = 2769150B290A6D14005F88AE /* GoogleService-Info.plist */; };
		2769150F290A7179005F88AE /* Fruit.swift in Sources */ = {isa = PBXBuildFile; fileRef = 2769150E290A7179005F88AE /* Fruit.swift */; };
		27691513290A74BE005F88AE /* HomeViewModel.swift in Sources */ = {isa = PBXBuildFile; fileRef = 27691512290A74BE005F88AE /* HomeViewModel.swift */; };
		27691515290A892E005F88AE /* ReceiptScene.swift in Sources */ = {isa = PBXBuildFile; fileRef = 27691514290A892E005F88AE /* ReceiptScene.swift */; };
		27C6F807290BA98F009E876E /* ContentSizeTableView.swift in Sources */ = {isa = PBXBuildFile; fileRef = 27C6F806290BA98F009E876E /* ContentSizeTableView.swift */; };
		27C6F80A290BABA6009E876E /* ReceiptViewModel.swift in Sources */ = {isa = PBXBuildFile; fileRef = 27C6F809290BABA6009E876E /* ReceiptViewModel.swift */; };
		27C6F80C290BD239009E876E /* DetailsScene.swift in Sources */ = {isa = PBXBuildFile; fileRef = 27C6F80B290BD239009E876E /* DetailsScene.swift */; };
		27C6F80E290BD257009E876E /* DetailsViewModel.swift in Sources */ = {isa = PBXBuildFile; fileRef = 27C6F80D290BD257009E876E /* DetailsViewModel.swift */; };
		4F9032CA32FCE3724C6EFFE4 /* Pods_BusyShop_BusyShopUITests.framework in Frameworks */ = {isa = PBXBuildFile; fileRef = FF73CDB487C77B7534C68D79 /* Pods_BusyShop_BusyShopUITests.framework */; };
		D3595C8E5C0278369FC8D6AD /* Pods_BusyShop.framework in Frameworks */ = {isa = PBXBuildFile; fileRef = 4B4F6467FBA9A1A62AE5A0C6 /* Pods_BusyShop.framework */; };
/* End PBXBuildFile section */

/* Begin PBXContainerItemProxy section */
		276914EF290A6822005F88AE /* PBXContainerItemProxy */ = {
			isa = PBXContainerItemProxy;
			containerPortal = 276914D0290A6821005F88AE /* Project object */;
			proxyType = 1;
			remoteGlobalIDString = 276914D7290A6821005F88AE;
			remoteInfo = BusyShop;
		};
		276914F9290A6822005F88AE /* PBXContainerItemProxy */ = {
			isa = PBXContainerItemProxy;
			containerPortal = 276914D0290A6821005F88AE /* Project object */;
			proxyType = 1;
			remoteGlobalIDString = 276914D7290A6821005F88AE;
			remoteInfo = BusyShop;
		};
/* End PBXContainerItemProxy section */

/* Begin PBXFileReference section */
		1B9E7B9274D3A9E69FDA0945 /* Pods-BusyShopTests.release.xcconfig */ = {isa = PBXFileReference; includeInIndex = 1; lastKnownFileType = text.xcconfig; name = "Pods-BusyShopTests.release.xcconfig"; path = "Target Support Files/Pods-BusyShopTests/Pods-BusyShopTests.release.xcconfig"; sourceTree = "<group>"; };
		276914D8290A6821005F88AE /* BusyShop.app */ = {isa = PBXFileReference; explicitFileType = wrapper.application; includeInIndex = 0; path = BusyShop.app; sourceTree = BUILT_PRODUCTS_DIR; };
		276914DB290A6821005F88AE /* AppDelegate.swift */ = {isa = PBXFileReference; lastKnownFileType = sourcecode.swift; path = AppDelegate.swift; sourceTree = "<group>"; };
		276914DD290A6821005F88AE /* SceneDelegate.swift */ = {isa = PBXFileReference; lastKnownFileType = sourcecode.swift; path = SceneDelegate.swift; sourceTree = "<group>"; };
		276914DF290A6821005F88AE /* HomeScene.swift */ = {isa = PBXFileReference; lastKnownFileType = sourcecode.swift; path = HomeScene.swift; sourceTree = "<group>"; };
		276914E2290A6821005F88AE /* Base */ = {isa = PBXFileReference; lastKnownFileType = file.storyboard; name = Base; path = Base.lproj/Main.storyboard; sourceTree = "<group>"; };
		276914E4290A6822005F88AE /* Assets.xcassets */ = {isa = PBXFileReference; lastKnownFileType = folder.assetcatalog; path = Assets.xcassets; sourceTree = "<group>"; };
		276914E7290A6822005F88AE /* Base */ = {isa = PBXFileReference; lastKnownFileType = file.storyboard; name = Base; path = Base.lproj/LaunchScreen.storyboard; sourceTree = "<group>"; };
		276914E9290A6822005F88AE /* Info.plist */ = {isa = PBXFileReference; lastKnownFileType = text.plist.xml; path = Info.plist; sourceTree = "<group>"; };
		276914EE290A6822005F88AE /* BusyShopTests.xctest */ = {isa = PBXFileReference; explicitFileType = wrapper.cfbundle; includeInIndex = 0; path = BusyShopTests.xctest; sourceTree = BUILT_PRODUCTS_DIR; };
		276914F2290A6822005F88AE /* BusyShopTests.swift */ = {isa = PBXFileReference; lastKnownFileType = sourcecode.swift; path = BusyShopTests.swift; sourceTree = "<group>"; };
		276914F8290A6822005F88AE /* BusyShopUITests.xctest */ = {isa = PBXFileReference; explicitFileType = wrapper.cfbundle; includeInIndex = 0; path = BusyShopUITests.xctest; sourceTree = BUILT_PRODUCTS_DIR; };
		276914FC290A6822005F88AE /* BusyShopUITests.swift */ = {isa = PBXFileReference; lastKnownFileType = sourcecode.swift; path = BusyShopUITests.swift; sourceTree = "<group>"; };
		276914FE290A6822005F88AE /* BusyShopUITestsLaunchTests.swift */ = {isa = PBXFileReference; lastKnownFileType = sourcecode.swift; path = BusyShopUITestsLaunchTests.swift; sourceTree = "<group>"; };
		2769150B290A6D14005F88AE /* GoogleService-Info.plist */ = {isa = PBXFileReference; fileEncoding = 4; lastKnownFileType = text.plist.xml; path = "GoogleService-Info.plist"; sourceTree = "<group>"; };
		2769150E290A7179005F88AE /* Fruit.swift */ = {isa = PBXFileReference; lastKnownFileType = sourcecode.swift; path = Fruit.swift; sourceTree = "<group>"; };
		27691512290A74BE005F88AE /* HomeViewModel.swift */ = {isa = PBXFileReference; lastKnownFileType = sourcecode.swift; path = HomeViewModel.swift; sourceTree = "<group>"; };
		27691514290A892E005F88AE /* ReceiptScene.swift */ = {isa = PBXFileReference; lastKnownFileType = sourcecode.swift; path = ReceiptScene.swift; sourceTree = "<group>"; };
		27C6F806290BA98F009E876E /* ContentSizeTableView.swift */ = {isa = PBXFileReference; lastKnownFileType = sourcecode.swift; path = ContentSizeTableView.swift; sourceTree = "<group>"; };
		27C6F809290BABA6009E876E /* ReceiptViewModel.swift */ = {isa = PBXFileReference; lastKnownFileType = sourcecode.swift; path = ReceiptViewModel.swift; sourceTree = "<group>"; };
		27C6F80B290BD239009E876E /* DetailsScene.swift */ = {isa = PBXFileReference; lastKnownFileType = sourcecode.swift; path = DetailsScene.swift; sourceTree = "<group>"; };
		27C6F80D290BD257009E876E /* DetailsViewModel.swift */ = {isa = PBXFileReference; lastKnownFileType = sourcecode.swift; path = DetailsViewModel.swift; sourceTree = "<group>"; };
		479E9B1691B06D966D6CA0B6 /* Pods-BusyShop.debug.xcconfig */ = {isa = PBXFileReference; includeInIndex = 1; lastKnownFileType = text.xcconfig; name = "Pods-BusyShop.debug.xcconfig"; path = "Target Support Files/Pods-BusyShop/Pods-BusyShop.debug.xcconfig"; sourceTree = "<group>"; };
		4B4F6467FBA9A1A62AE5A0C6 /* Pods_BusyShop.framework */ = {isa = PBXFileReference; explicitFileType = wrapper.framework; includeInIndex = 0; path = Pods_BusyShop.framework; sourceTree = BUILT_PRODUCTS_DIR; };
		4DA87FF540BF39D965684905 /* Pods-BusyShopTests.debug.xcconfig */ = {isa = PBXFileReference; includeInIndex = 1; lastKnownFileType = text.xcconfig; name = "Pods-BusyShopTests.debug.xcconfig"; path = "Target Support Files/Pods-BusyShopTests/Pods-BusyShopTests.debug.xcconfig"; sourceTree = "<group>"; };
		CAC3782DDE20C3AF43B622DA /* Pods-BusyShop-BusyShopUITests.release.xcconfig */ = {isa = PBXFileReference; includeInIndex = 1; lastKnownFileType = text.xcconfig; name = "Pods-BusyShop-BusyShopUITests.release.xcconfig"; path = "Target Support Files/Pods-BusyShop-BusyShopUITests/Pods-BusyShop-BusyShopUITests.release.xcconfig"; sourceTree = "<group>"; };
		CCE365888B78BD0B6CAE683D /* Pods-BusyShop.release.xcconfig */ = {isa = PBXFileReference; includeInIndex = 1; lastKnownFileType = text.xcconfig; name = "Pods-BusyShop.release.xcconfig"; path = "Target Support Files/Pods-BusyShop/Pods-BusyShop.release.xcconfig"; sourceTree = "<group>"; };
		D8B1B5598C6C9494B0808198 /* Pods-BusyShop-BusyShopUITests.debug.xcconfig */ = {isa = PBXFileReference; includeInIndex = 1; lastKnownFileType = text.xcconfig; name = "Pods-BusyShop-BusyShopUITests.debug.xcconfig"; path = "Target Support Files/Pods-BusyShop-BusyShopUITests/Pods-BusyShop-BusyShopUITests.debug.xcconfig"; sourceTree = "<group>"; };
		DF0D2B19F0D6D533B5EE9A6F /* Pods_BusyShopTests.framework */ = {isa = PBXFileReference; explicitFileType = wrapper.framework; includeInIndex = 0; path = Pods_BusyShopTests.framework; sourceTree = BUILT_PRODUCTS_DIR; };
		FF73CDB487C77B7534C68D79 /* Pods_BusyShop_BusyShopUITests.framework */ = {isa = PBXFileReference; explicitFileType = wrapper.framework; includeInIndex = 0; path = Pods_BusyShop_BusyShopUITests.framework; sourceTree = BUILT_PRODUCTS_DIR; };
/* End PBXFileReference section */

/* Begin PBXFrameworksBuildPhase section */
		276914D5290A6821005F88AE /* Frameworks */ = {
			isa = PBXFrameworksBuildPhase;
			buildActionMask = 2147483647;
			files = (
				D3595C8E5C0278369FC8D6AD /* Pods_BusyShop.framework in Frameworks */,
			);
			runOnlyForDeploymentPostprocessing = 0;
		};
		276914EB290A6822005F88AE /* Frameworks */ = {
			isa = PBXFrameworksBuildPhase;
			buildActionMask = 2147483647;
			files = (
				1625581B11BADB32C19349A2 /* Pods_BusyShopTests.framework in Frameworks */,
			);
			runOnlyForDeploymentPostprocessing = 0;
		};
		276914F5290A6822005F88AE /* Frameworks */ = {
			isa = PBXFrameworksBuildPhase;
			buildActionMask = 2147483647;
			files = (
				4F9032CA32FCE3724C6EFFE4 /* Pods_BusyShop_BusyShopUITests.framework in Frameworks */,
			);
			runOnlyForDeploymentPostprocessing = 0;
		};
/* End PBXFrameworksBuildPhase section */

/* Begin PBXGroup section */
		276914CF290A6821005F88AE = {
			isa = PBXGroup;
			children = (
				276914DA290A6821005F88AE /* BusyShop */,
				276914F1290A6822005F88AE /* BusyShopTests */,
				276914FB290A6822005F88AE /* BusyShopUITests */,
				276914D9290A6821005F88AE /* Products */,
				9239BE31CF51645A74A41F72 /* Pods */,
				703E25E2A48700D0FFD6FA6B /* Frameworks */,
			);
			sourceTree = "<group>";
		};
		276914D9290A6821005F88AE /* Products */ = {
			isa = PBXGroup;
			children = (
				276914D8290A6821005F88AE /* BusyShop.app */,
				276914EE290A6822005F88AE /* BusyShopTests.xctest */,
				276914F8290A6822005F88AE /* BusyShopUITests.xctest */,
			);
			name = Products;
			sourceTree = "<group>";
		};
		276914DA290A6821005F88AE /* BusyShop */ = {
			isa = PBXGroup;
			children = (
				27691511290A7412005F88AE /* View */,
				27691510290A7404005F88AE /* ViewModel */,
				2769150D290A7132005F88AE /* Model */,
				2769150B290A6D14005F88AE /* GoogleService-Info.plist */,
				276914DB290A6821005F88AE /* AppDelegate.swift */,
				276914DD290A6821005F88AE /* SceneDelegate.swift */,
				276914E1290A6821005F88AE /* Main.storyboard */,
				276914E4290A6822005F88AE /* Assets.xcassets */,
				276914E6290A6822005F88AE /* LaunchScreen.storyboard */,
				276914E9290A6822005F88AE /* Info.plist */,
			);
			path = BusyShop;
			sourceTree = "<group>";
		};
		276914F1290A6822005F88AE /* BusyShopTests */ = {
			isa = PBXGroup;
			children = (
				276914F2290A6822005F88AE /* BusyShopTests.swift */,
			);
			path = BusyShopTests;
			sourceTree = "<group>";
		};
		276914FB290A6822005F88AE /* BusyShopUITests */ = {
			isa = PBXGroup;
			children = (
				276914FC290A6822005F88AE /* BusyShopUITests.swift */,
				276914FE290A6822005F88AE /* BusyShopUITestsLaunchTests.swift */,
			);
			path = BusyShopUITests;
			sourceTree = "<group>";
		};
		2769150D290A7132005F88AE /* Model */ = {
			isa = PBXGroup;
			children = (
				2769150E290A7179005F88AE /* Fruit.swift */,
			);
			path = Model;
			sourceTree = "<group>";
		};
		27691510290A7404005F88AE /* ViewModel */ = {
			isa = PBXGroup;
			children = (
				27691512290A74BE005F88AE /* HomeViewModel.swift */,
				27C6F809290BABA6009E876E /* ReceiptViewModel.swift */,
				27C6F80D290BD257009E876E /* DetailsViewModel.swift */,
			);
			path = ViewModel;
			sourceTree = "<group>";
		};
		27691511290A7412005F88AE /* View */ = {
			isa = PBXGroup;
			children = (
				276914DF290A6821005F88AE /* HomeScene.swift */,
				27691514290A892E005F88AE /* ReceiptScene.swift */,
				27C6F808290BAAE3009E876E /* Custom */,
				27C6F80B290BD239009E876E /* DetailsScene.swift */,
			);
			path = View;
			sourceTree = "<group>";
		};
		27C6F808290BAAE3009E876E /* Custom */ = {
			isa = PBXGroup;
			children = (
				27C6F806290BA98F009E876E /* ContentSizeTableView.swift */,
			);
			path = Custom;
			sourceTree = "<group>";
		};
		703E25E2A48700D0FFD6FA6B /* Frameworks */ = {
			isa = PBXGroup;
			children = (
				4B4F6467FBA9A1A62AE5A0C6 /* Pods_BusyShop.framework */,
				FF73CDB487C77B7534C68D79 /* Pods_BusyShop_BusyShopUITests.framework */,
				DF0D2B19F0D6D533B5EE9A6F /* Pods_BusyShopTests.framework */,
			);
			name = Frameworks;
			sourceTree = "<group>";
		};
		9239BE31CF51645A74A41F72 /* Pods */ = {
			isa = PBXGroup;
			children = (
				479E9B1691B06D966D6CA0B6 /* Pods-BusyShop.debug.xcconfig */,
				CCE365888B78BD0B6CAE683D /* Pods-BusyShop.release.xcconfig */,
				D8B1B5598C6C9494B0808198 /* Pods-BusyShop-BusyShopUITests.debug.xcconfig */,
				CAC3782DDE20C3AF43B622DA /* Pods-BusyShop-BusyShopUITests.release.xcconfig */,
				4DA87FF540BF39D965684905 /* Pods-BusyShopTests.debug.xcconfig */,
				1B9E7B9274D3A9E69FDA0945 /* Pods-BusyShopTests.release.xcconfig */,
			);
			path = Pods;
			sourceTree = "<group>";
		};
/* End PBXGroup section */

/* Begin PBXNativeTarget section */
		276914D7290A6821005F88AE /* BusyShop */ = {
			isa = PBXNativeTarget;
			buildConfigurationList = 27691502290A6822005F88AE /* Build configuration list for PBXNativeTarget "BusyShop" */;
			buildPhases = (
				4DF8B3566599314F8FBC2528 /* [CP] Check Pods Manifest.lock */,
				276914D4290A6821005F88AE /* Sources */,
				276914D5290A6821005F88AE /* Frameworks */,
				276914D6290A6821005F88AE /* Resources */,
				B3C9B5420AAE4B094D921F62 /* [CP] Embed Pods Frameworks */,
			);
			buildRules = (
			);
			dependencies = (
			);
			name = BusyShop;
			productName = BusyShop;
			productReference = 276914D8290A6821005F88AE /* BusyShop.app */;
			productType = "com.apple.product-type.application";
		};
		276914ED290A6822005F88AE /* BusyShopTests */ = {
			isa = PBXNativeTarget;
			buildConfigurationList = 27691505290A6822005F88AE /* Build configuration list for PBXNativeTarget "BusyShopTests" */;
			buildPhases = (
				E76FF443821E17C5545393FA /* [CP] Check Pods Manifest.lock */,
				276914EA290A6822005F88AE /* Sources */,
				276914EB290A6822005F88AE /* Frameworks */,
				276914EC290A6822005F88AE /* Resources */,
			);
			buildRules = (
			);
			dependencies = (
				276914F0290A6822005F88AE /* PBXTargetDependency */,
			);
			name = BusyShopTests;
			productName = BusyShopTests;
			productReference = 276914EE290A6822005F88AE /* BusyShopTests.xctest */;
			productType = "com.apple.product-type.bundle.unit-test";
		};
		276914F7290A6822005F88AE /* BusyShopUITests */ = {
			isa = PBXNativeTarget;
			buildConfigurationList = 27691508290A6822005F88AE /* Build configuration list for PBXNativeTarget "BusyShopUITests" */;
			buildPhases = (
				44CA928F7B1635C54246CA12 /* [CP] Check Pods Manifest.lock */,
				276914F4290A6822005F88AE /* Sources */,
				276914F5290A6822005F88AE /* Frameworks */,
				276914F6290A6822005F88AE /* Resources */,
				B9C16F1D9D8C8FAF9E01E7B2 /* [CP] Embed Pods Frameworks */,
			);
			buildRules = (
			);
			dependencies = (
				276914FA290A6822005F88AE /* PBXTargetDependency */,
			);
			name = BusyShopUITests;
			productName = BusyShopUITests;
			productReference = 276914F8290A6822005F88AE /* BusyShopUITests.xctest */;
			productType = "com.apple.product-type.bundle.ui-testing";
		};
/* End PBXNativeTarget section */

/* Begin PBXProject section */
		276914D0290A6821005F88AE /* Project object */ = {
			isa = PBXProject;
			attributes = {
				BuildIndependentTargetsInParallel = 1;
				LastSwiftUpdateCheck = 1400;
				LastUpgradeCheck = 1400;
				TargetAttributes = {
					276914D7290A6821005F88AE = {
						CreatedOnToolsVersion = 14.0;
					};
					276914ED290A6822005F88AE = {
						CreatedOnToolsVersion = 14.0;
						TestTargetID = 276914D7290A6821005F88AE;
					};
					276914F7290A6822005F88AE = {
						CreatedOnToolsVersion = 14.0;
						TestTargetID = 276914D7290A6821005F88AE;
					};
				};
			};
			buildConfigurationList = 276914D3290A6821005F88AE /* Build configuration list for PBXProject "BusyShop" */;
			compatibilityVersion = "Xcode 14.0";
			developmentRegion = en;
			hasScannedForEncodings = 0;
			knownRegions = (
				en,
				Base,
			);
			mainGroup = 276914CF290A6821005F88AE;
			productRefGroup = 276914D9290A6821005F88AE /* Products */;
			projectDirPath = "";
			projectRoot = "";
			targets = (
				276914D7290A6821005F88AE /* BusyShop */,
				276914ED290A6822005F88AE /* BusyShopTests */,
				276914F7290A6822005F88AE /* BusyShopUITests */,
			);
		};
/* End PBXProject section */

/* Begin PBXResourcesBuildPhase section */
		276914D6290A6821005F88AE /* Resources */ = {
			isa = PBXResourcesBuildPhase;
			buildActionMask = 2147483647;
			files = (
				276914E8290A6822005F88AE /* LaunchScreen.storyboard in Resources */,
				2769150C290A6D14005F88AE /* GoogleService-Info.plist in Resources */,
				276914E5290A6822005F88AE /* Assets.xcassets in Resources */,
				276914E3290A6821005F88AE /* Main.storyboard in Resources */,
			);
			runOnlyForDeploymentPostprocessing = 0;
		};
		276914EC290A6822005F88AE /* Resources */ = {
			isa = PBXResourcesBuildPhase;
			buildActionMask = 2147483647;
			files = (
			);
			runOnlyForDeploymentPostprocessing = 0;
		};
		276914F6290A6822005F88AE /* Resources */ = {
			isa = PBXResourcesBuildPhase;
			buildActionMask = 2147483647;
			files = (
			);
			runOnlyForDeploymentPostprocessing = 0;
		};
/* End PBXResourcesBuildPhase section */

/* Begin PBXShellScriptBuildPhase section */
		44CA928F7B1635C54246CA12 /* [CP] Check Pods Manifest.lock */ = {
			isa = PBXShellScriptBuildPhase;
			buildActionMask = 2147483647;
			files = (
			);
			inputFileListPaths = (
			);
			inputPaths = (
				"${PODS_PODFILE_DIR_PATH}/Podfile.lock",
				"${PODS_ROOT}/Manifest.lock",
			);
			name = "[CP] Check Pods Manifest.lock";
			outputFileListPaths = (
			);
			outputPaths = (
				"$(DERIVED_FILE_DIR)/Pods-BusyShop-BusyShopUITests-checkManifestLockResult.txt",
			);
			runOnlyForDeploymentPostprocessing = 0;
			shellPath = /bin/sh;
			shellScript = "diff \"${PODS_PODFILE_DIR_PATH}/Podfile.lock\" \"${PODS_ROOT}/Manifest.lock\" > /dev/null\nif [ $? != 0 ] ; then\n    # print error to STDERR\n    echo \"error: The sandbox is not in sync with the Podfile.lock. Run 'pod install' or update your CocoaPods installation.\" >&2\n    exit 1\nfi\n# This output is used by Xcode 'outputs' to avoid re-running this script phase.\necho \"SUCCESS\" > \"${SCRIPT_OUTPUT_FILE_0}\"\n";
			showEnvVarsInLog = 0;
		};
		4DF8B3566599314F8FBC2528 /* [CP] Check Pods Manifest.lock */ = {
			isa = PBXShellScriptBuildPhase;
			buildActionMask = 2147483647;
			files = (
			);
			inputFileListPaths = (
			);
			inputPaths = (
				"${PODS_PODFILE_DIR_PATH}/Podfile.lock",
				"${PODS_ROOT}/Manifest.lock",
			);
			name = "[CP] Check Pods Manifest.lock";
			outputFileListPaths = (
			);
			outputPaths = (
				"$(DERIVED_FILE_DIR)/Pods-BusyShop-checkManifestLockResult.txt",
			);
			runOnlyForDeploymentPostprocessing = 0;
			shellPath = /bin/sh;
			shellScript = "diff \"${PODS_PODFILE_DIR_PATH}/Podfile.lock\" \"${PODS_ROOT}/Manifest.lock\" > /dev/null\nif [ $? != 0 ] ; then\n    # print error to STDERR\n    echo \"error: The sandbox is not in sync with the Podfile.lock. Run 'pod install' or update your CocoaPods installation.\" >&2\n    exit 1\nfi\n# This output is used by Xcode 'outputs' to avoid re-running this script phase.\necho \"SUCCESS\" > \"${SCRIPT_OUTPUT_FILE_0}\"\n";
			showEnvVarsInLog = 0;
		};
		B3C9B5420AAE4B094D921F62 /* [CP] Embed Pods Frameworks */ = {
			isa = PBXShellScriptBuildPhase;
			buildActionMask = 2147483647;
			files = (
			);
			inputFileListPaths = (
				"${PODS_ROOT}/Target Support Files/Pods-BusyShop/Pods-BusyShop-frameworks-${CONFIGURATION}-input-files.xcfilelist",
			);
			name = "[CP] Embed Pods Frameworks";
			outputFileListPaths = (
				"${PODS_ROOT}/Target Support Files/Pods-BusyShop/Pods-BusyShop-frameworks-${CONFIGURATION}-output-files.xcfilelist",
			);
			runOnlyForDeploymentPostprocessing = 0;
			shellPath = /bin/sh;
			shellScript = "\"${PODS_ROOT}/Target Support Files/Pods-BusyShop/Pods-BusyShop-frameworks.sh\"\n";
			showEnvVarsInLog = 0;
		};
		B9C16F1D9D8C8FAF9E01E7B2 /* [CP] Embed Pods Frameworks */ = {
			isa = PBXShellScriptBuildPhase;
			buildActionMask = 2147483647;
			files = (
			);
			inputFileListPaths = (
				"${PODS_ROOT}/Target Support Files/Pods-BusyShop-BusyShopUITests/Pods-BusyShop-BusyShopUITests-frameworks-${CONFIGURATION}-input-files.xcfilelist",
			);
			name = "[CP] Embed Pods Frameworks";
			outputFileListPaths = (
				"${PODS_ROOT}/Target Support Files/Pods-BusyShop-BusyShopUITests/Pods-BusyShop-BusyShopUITests-frameworks-${CONFIGURATION}-output-files.xcfilelist",
			);
			runOnlyForDeploymentPostprocessing = 0;
			shellPath = /bin/sh;
			shellScript = "\"${PODS_ROOT}/Target Support Files/Pods-BusyShop-BusyShopUITests/Pods-BusyShop-BusyShopUITests-frameworks.sh\"\n";
			showEnvVarsInLog = 0;
		};
		E76FF443821E17C5545393FA /* [CP] Check Pods Manifest.lock */ = {
			isa = PBXShellScriptBuildPhase;
			buildActionMask = 2147483647;
			files = (
			);
			inputFileListPaths = (
			);
			inputPaths = (
				"${PODS_PODFILE_DIR_PATH}/Podfile.lock",
				"${PODS_ROOT}/Manifest.lock",
			);
			name = "[CP] Check Pods Manifest.lock";
			outputFileListPaths = (
			);
			outputPaths = (
				"$(DERIVED_FILE_DIR)/Pods-BusyShopTests-checkManifestLockResult.txt",
			);
			runOnlyForDeploymentPostprocessing = 0;
			shellPath = /bin/sh;
			shellScript = "diff \"${PODS_PODFILE_DIR_PATH}/Podfile.lock\" \"${PODS_ROOT}/Manifest.lock\" > /dev/null\nif [ $? != 0 ] ; then\n    # print error to STDERR\n    echo \"error: The sandbox is not in sync with the Podfile.lock. Run 'pod install' or update your CocoaPods installation.\" >&2\n    exit 1\nfi\n# This output is used by Xcode 'outputs' to avoid re-running this script phase.\necho \"SUCCESS\" > \"${SCRIPT_OUTPUT_FILE_0}\"\n";
			showEnvVarsInLog = 0;
		};
/* End PBXShellScriptBuildPhase section */

/* Begin PBXSourcesBuildPhase section */
		276914D4290A6821005F88AE /* Sources */ = {
			isa = PBXSourcesBuildPhase;
			buildActionMask = 2147483647;
			files = (
				2769150F290A7179005F88AE /* Fruit.swift in Sources */,
				27C6F80C290BD239009E876E /* DetailsScene.swift in Sources */,
				27C6F80A290BABA6009E876E /* ReceiptViewModel.swift in Sources */,
				276914E0290A6821005F88AE /* HomeScene.swift in Sources */,
				276914DC290A6821005F88AE /* AppDelegate.swift in Sources */,
				27691515290A892E005F88AE /* ReceiptScene.swift in Sources */,
				27691513290A74BE005F88AE /* HomeViewModel.swift in Sources */,
				27C6F80E290BD257009E876E /* DetailsViewModel.swift in Sources */,
				276914DE290A6821005F88AE /* SceneDelegate.swift in Sources */,
				27C6F807290BA98F009E876E /* ContentSizeTableView.swift in Sources */,
			);
			runOnlyForDeploymentPostprocessing = 0;
		};
		276914EA290A6822005F88AE /* Sources */ = {
			isa = PBXSourcesBuildPhase;
			buildActionMask = 2147483647;
			files = (
				276914F3290A6822005F88AE /* BusyShopTests.swift in Sources */,
			);
			runOnlyForDeploymentPostprocessing = 0;
		};
		276914F4290A6822005F88AE /* Sources */ = {
			isa = PBXSourcesBuildPhase;
			buildActionMask = 2147483647;
			files = (
				276914FF290A6822005F88AE /* BusyShopUITestsLaunchTests.swift in Sources */,
				276914FD290A6822005F88AE /* BusyShopUITests.swift in Sources */,
			);
			runOnlyForDeploymentPostprocessing = 0;
		};
/* End PBXSourcesBuildPhase section */

/* Begin PBXTargetDependency section */
		276914F0290A6822005F88AE /* PBXTargetDependency */ = {
			isa = PBXTargetDependency;
			target = 276914D7290A6821005F88AE /* BusyShop */;
			targetProxy = 276914EF290A6822005F88AE /* PBXContainerItemProxy */;
		};
		276914FA290A6822005F88AE /* PBXTargetDependency */ = {
			isa = PBXTargetDependency;
			target = 276914D7290A6821005F88AE /* BusyShop */;
			targetProxy = 276914F9290A6822005F88AE /* PBXContainerItemProxy */;
		};
/* End PBXTargetDependency section */

/* Begin PBXVariantGroup section */
		276914E1290A6821005F88AE /* Main.storyboard */ = {
			isa = PBXVariantGroup;
			children = (
				276914E2290A6821005F88AE /* Base */,
			);
			name = Main.storyboard;
			sourceTree = "<group>";
		};
		276914E6290A6822005F88AE /* LaunchScreen.storyboard */ = {
			isa = PBXVariantGroup;
			children = (
				276914E7290A6822005F88AE /* Base */,
			);
			name = LaunchScreen.storyboard;
			sourceTree = "<group>";
		};
/* End PBXVariantGroup section */

/* Begin XCBuildConfiguration section */
		27691500290A6822005F88AE /* Debug */ = {
			isa = XCBuildConfiguration;
			buildSettings = {
				ALWAYS_SEARCH_USER_PATHS = NO;
				CLANG_ANALYZER_NONNULL = YES;
				CLANG_ANALYZER_NUMBER_OBJECT_CONVERSION = YES_AGGRESSIVE;
				CLANG_CXX_LANGUAGE_STANDARD = "gnu++20";
				CLANG_ENABLE_MODULES = YES;
				CLANG_ENABLE_OBJC_ARC = YES;
				CLANG_ENABLE_OBJC_WEAK = YES;
				CLANG_WARN_BLOCK_CAPTURE_AUTORELEASING = YES;
				CLANG_WARN_BOOL_CONVERSION = YES;
				CLANG_WARN_COMMA = YES;
				CLANG_WARN_CONSTANT_CONVERSION = YES;
				CLANG_WARN_DEPRECATED_OBJC_IMPLEMENTATIONS = YES;
				CLANG_WARN_DIRECT_OBJC_ISA_USAGE = YES_ERROR;
				CLANG_WARN_DOCUMENTATION_COMMENTS = YES;
				CLANG_WARN_EMPTY_BODY = YES;
				CLANG_WARN_ENUM_CONVERSION = YES;
				CLANG_WARN_INFINITE_RECURSION = YES;
				CLANG_WARN_INT_CONVERSION = YES;
				CLANG_WARN_NON_LITERAL_NULL_CONVERSION = YES;
				CLANG_WARN_OBJC_IMPLICIT_RETAIN_SELF = YES;
				CLANG_WARN_OBJC_LITERAL_CONVERSION = YES;
				CLANG_WARN_OBJC_ROOT_CLASS = YES_ERROR;
				CLANG_WARN_QUOTED_INCLUDE_IN_FRAMEWORK_HEADER = YES;
				CLANG_WARN_RANGE_LOOP_ANALYSIS = YES;
				CLANG_WARN_STRICT_PROTOTYPES = YES;
				CLANG_WARN_SUSPICIOUS_MOVE = YES;
				CLANG_WARN_UNGUARDED_AVAILABILITY = YES_AGGRESSIVE;
				CLANG_WARN_UNREACHABLE_CODE = YES;
				CLANG_WARN__DUPLICATE_METHOD_MATCH = YES;
				COPY_PHASE_STRIP = NO;
				DEBUG_INFORMATION_FORMAT = dwarf;
				ENABLE_STRICT_OBJC_MSGSEND = YES;
				ENABLE_TESTABILITY = YES;
				GCC_C_LANGUAGE_STANDARD = gnu11;
				GCC_DYNAMIC_NO_PIC = NO;
				GCC_NO_COMMON_BLOCKS = YES;
				GCC_OPTIMIZATION_LEVEL = 0;
				GCC_PREPROCESSOR_DEFINITIONS = (
					"DEBUG=1",
					"$(inherited)",
				);
				GCC_WARN_64_TO_32_BIT_CONVERSION = YES;
				GCC_WARN_ABOUT_RETURN_TYPE = YES_ERROR;
				GCC_WARN_UNDECLARED_SELECTOR = YES;
				GCC_WARN_UNINITIALIZED_AUTOS = YES_AGGRESSIVE;
				GCC_WARN_UNUSED_FUNCTION = YES;
				GCC_WARN_UNUSED_VARIABLE = YES;
				IPHONEOS_DEPLOYMENT_TARGET = 16.0;
				MTL_ENABLE_DEBUG_INFO = INCLUDE_SOURCE;
				MTL_FAST_MATH = YES;
				ONLY_ACTIVE_ARCH = YES;
				SDKROOT = iphoneos;
				SWIFT_ACTIVE_COMPILATION_CONDITIONS = DEBUG;
				SWIFT_OPTIMIZATION_LEVEL = "-Onone";
			};
			name = Debug;
		};
		27691501290A6822005F88AE /* Release */ = {
			isa = XCBuildConfiguration;
			buildSettings = {
				ALWAYS_SEARCH_USER_PATHS = NO;
				CLANG_ANALYZER_NONNULL = YES;
				CLANG_ANALYZER_NUMBER_OBJECT_CONVERSION = YES_AGGRESSIVE;
				CLANG_CXX_LANGUAGE_STANDARD = "gnu++20";
				CLANG_ENABLE_MODULES = YES;
				CLANG_ENABLE_OBJC_ARC = YES;
				CLANG_ENABLE_OBJC_WEAK = YES;
				CLANG_WARN_BLOCK_CAPTURE_AUTORELEASING = YES;
				CLANG_WARN_BOOL_CONVERSION = YES;
				CLANG_WARN_COMMA = YES;
				CLANG_WARN_CONSTANT_CONVERSION = YES;
				CLANG_WARN_DEPRECATED_OBJC_IMPLEMENTATIONS = YES;
				CLANG_WARN_DIRECT_OBJC_ISA_USAGE = YES_ERROR;
				CLANG_WARN_DOCUMENTATION_COMMENTS = YES;
				CLANG_WARN_EMPTY_BODY = YES;
				CLANG_WARN_ENUM_CONVERSION = YES;
				CLANG_WARN_INFINITE_RECURSION = YES;
				CLANG_WARN_INT_CONVERSION = YES;
				CLANG_WARN_NON_LITERAL_NULL_CONVERSION = YES;
				CLANG_WARN_OBJC_IMPLICIT_RETAIN_SELF = YES;
				CLANG_WARN_OBJC_LITERAL_CONVERSION = YES;
				CLANG_WARN_OBJC_ROOT_CLASS = YES_ERROR;
				CLANG_WARN_QUOTED_INCLUDE_IN_FRAMEWORK_HEADER = YES;
				CLANG_WARN_RANGE_LOOP_ANALYSIS = YES;
				CLANG_WARN_STRICT_PROTOTYPES = YES;
				CLANG_WARN_SUSPICIOUS_MOVE = YES;
				CLANG_WARN_UNGUARDED_AVAILABILITY = YES_AGGRESSIVE;
				CLANG_WARN_UNREACHABLE_CODE = YES;
				CLANG_WARN__DUPLICATE_METHOD_MATCH = YES;
				COPY_PHASE_STRIP = NO;
				DEBUG_INFORMATION_FORMAT = "dwarf-with-dsym";
				ENABLE_NS_ASSERTIONS = NO;
				ENABLE_STRICT_OBJC_MSGSEND = YES;
				GCC_C_LANGUAGE_STANDARD = gnu11;
				GCC_NO_COMMON_BLOCKS = YES;
				GCC_WARN_64_TO_32_BIT_CONVERSION = YES;
				GCC_WARN_ABOUT_RETURN_TYPE = YES_ERROR;
				GCC_WARN_UNDECLARED_SELECTOR = YES;
				GCC_WARN_UNINITIALIZED_AUTOS = YES_AGGRESSIVE;
				GCC_WARN_UNUSED_FUNCTION = YES;
				GCC_WARN_UNUSED_VARIABLE = YES;
				IPHONEOS_DEPLOYMENT_TARGET = 16.0;
				MTL_ENABLE_DEBUG_INFO = NO;
				MTL_FAST_MATH = YES;
				SDKROOT = iphoneos;
				SWIFT_COMPILATION_MODE = wholemodule;
				SWIFT_OPTIMIZATION_LEVEL = "-O";
				VALIDATE_PRODUCT = YES;
			};
			name = Release;
		};
		27691503290A6822005F88AE /* Debug */ = {
			isa = XCBuildConfiguration;
			baseConfigurationReference = 479E9B1691B06D966D6CA0B6 /* Pods-BusyShop.debug.xcconfig */;
			buildSettings = {
				ASSETCATALOG_COMPILER_APPICON_NAME = AppIcon;
				ASSETCATALOG_COMPILER_GLOBAL_ACCENT_COLOR_NAME = AccentColor;
				CODE_SIGN_STYLE = Automatic;
				CURRENT_PROJECT_VERSION = 1;
				DEVELOPMENT_TEAM = 445NVAG6HL;
				GENERATE_INFOPLIST_FILE = YES;
				INFOPLIST_FILE = BusyShop/Info.plist;
				INFOPLIST_KEY_UIApplicationSupportsIndirectInputEvents = YES;
				INFOPLIST_KEY_UILaunchStoryboardName = LaunchScreen;
				INFOPLIST_KEY_UIMainStoryboardFile = Main;
				INFOPLIST_KEY_UISupportedInterfaceOrientations_iPad = "UIInterfaceOrientationPortrait UIInterfaceOrientationPortraitUpsideDown UIInterfaceOrientationLandscapeLeft UIInterfaceOrientationLandscapeRight";
				INFOPLIST_KEY_UISupportedInterfaceOrientations_iPhone = "UIInterfaceOrientationPortrait UIInterfaceOrientationLandscapeLeft UIInterfaceOrientationLandscapeRight";
				LD_RUNPATH_SEARCH_PATHS = (
					"$(inherited)",
					"@executable_path/Frameworks",
				);
				MARKETING_VERSION = 1.0;
				PRODUCT_BUNDLE_IDENTIFIER = mk.code.BusyShop;
				PRODUCT_NAME = "$(TARGET_NAME)";
				SWIFT_EMIT_LOC_STRINGS = YES;
				SWIFT_VERSION = 5.0;
				TARGETED_DEVICE_FAMILY = "1,2";
			};
			name = Debug;
		};
		27691504290A6822005F88AE /* Release */ = {
			isa = XCBuildConfiguration;
			baseConfigurationReference = CCE365888B78BD0B6CAE683D /* Pods-BusyShop.release.xcconfig */;
			buildSettings = {
				ASSETCATALOG_COMPILER_APPICON_NAME = AppIcon;
				ASSETCATALOG_COMPILER_GLOBAL_ACCENT_COLOR_NAME = AccentColor;
				CODE_SIGN_STYLE = Automatic;
				CURRENT_PROJECT_VERSION = 1;
				DEVELOPMENT_TEAM = 445NVAG6HL;
				GENERATE_INFOPLIST_FILE = YES;
				INFOPLIST_FILE = BusyShop/Info.plist;
				INFOPLIST_KEY_UIApplicationSupportsIndirectInputEvents = YES;
				INFOPLIST_KEY_UILaunchStoryboardName = LaunchScreen;
				INFOPLIST_KEY_UIMainStoryboardFile = Main;
				INFOPLIST_KEY_UISupportedInterfaceOrientations_iPad = "UIInterfaceOrientationPortrait UIInterfaceOrientationPortraitUpsideDown UIInterfaceOrientationLandscapeLeft UIInterfaceOrientationLandscapeRight";
				INFOPLIST_KEY_UISupportedInterfaceOrientations_iPhone = "UIInterfaceOrientationPortrait UIInterfaceOrientationLandscapeLeft UIInterfaceOrientationLandscapeRight";
				LD_RUNPATH_SEARCH_PATHS = (
					"$(inherited)",
					"@executable_path/Frameworks",
				);
				MARKETING_VERSION = 1.0;
				PRODUCT_BUNDLE_IDENTIFIER = mk.code.BusyShop;
				PRODUCT_NAME = "$(TARGET_NAME)";
				SWIFT_EMIT_LOC_STRINGS = YES;
				SWIFT_VERSION = 5.0;
				TARGETED_DEVICE_FAMILY = "1,2";
			};
			name = Release;
		};
		27691506290A6822005F88AE /* Debug */ = {
			isa = XCBuildConfiguration;
			baseConfigurationReference = 4DA87FF540BF39D965684905 /* Pods-BusyShopTests.debug.xcconfig */;
			buildSettings = {
				ALWAYS_EMBED_SWIFT_STANDARD_LIBRARIES = YES;
				BUNDLE_LOADER = "$(TEST_HOST)";
				CODE_SIGN_STYLE = Automatic;
				CURRENT_PROJECT_VERSION = 1;
				DEVELOPMENT_TEAM = 445NVAG6HL;
				GENERATE_INFOPLIST_FILE = YES;
				IPHONEOS_DEPLOYMENT_TARGET = 16.0;
				MARKETING_VERSION = 1.0;
				PRODUCT_BUNDLE_IDENTIFIER = mk.code.BusyShopTests;
				PRODUCT_NAME = "$(TARGET_NAME)";
				SWIFT_EMIT_LOC_STRINGS = NO;
				SWIFT_VERSION = 5.0;
				TARGETED_DEVICE_FAMILY = "1,2";
				TEST_HOST = "$(BUILT_PRODUCTS_DIR)/BusyShop.app/$(BUNDLE_EXECUTABLE_FOLDER_PATH)/BusyShop";
			};
			name = Debug;
		};
		27691507290A6822005F88AE /* Release */ = {
			isa = XCBuildConfiguration;
			baseConfigurationReference = 1B9E7B9274D3A9E69FDA0945 /* Pods-BusyShopTests.release.xcconfig */;
			buildSettings = {
				ALWAYS_EMBED_SWIFT_STANDARD_LIBRARIES = YES;
				BUNDLE_LOADER = "$(TEST_HOST)";
				CODE_SIGN_STYLE = Automatic;
				CURRENT_PROJECT_VERSION = 1;
				DEVELOPMENT_TEAM = 445NVAG6HL;
				GENERATE_INFOPLIST_FILE = YES;
				IPHONEOS_DEPLOYMENT_TARGET = 16.0;
				MARKETING_VERSION = 1.0;
				PRODUCT_BUNDLE_IDENTIFIER = mk.code.BusyShopTests;
				PRODUCT_NAME = "$(TARGET_NAME)";
				SWIFT_EMIT_LOC_STRINGS = NO;
				SWIFT_VERSION = 5.0;
				TARGETED_DEVICE_FAMILY = "1,2";
				TEST_HOST = "$(BUILT_PRODUCTS_DIR)/BusyShop.app/$(BUNDLE_EXECUTABLE_FOLDER_PATH)/BusyShop";
			};
			name = Release;
		};
		27691509290A6822005F88AE /* Debug */ = {
			isa = XCBuildConfiguration;
			baseConfigurationReference = D8B1B5598C6C9494B0808198 /* Pods-BusyShop-BusyShopUITests.debug.xcconfig */;
			buildSettings = {
				ALWAYS_EMBED_SWIFT_STANDARD_LIBRARIES = YES;
				CODE_SIGN_STYLE = Automatic;
				CURRENT_PROJECT_VERSION = 1;
				DEVELOPMENT_TEAM = 445NVAG6HL;
				GENERATE_INFOPLIST_FILE = YES;
				MARKETING_VERSION = 1.0;
				PRODUCT_BUNDLE_IDENTIFIER = mk.code.BusyShopUITests;
				PRODUCT_NAME = "$(TARGET_NAME)";
				SWIFT_EMIT_LOC_STRINGS = NO;
				SWIFT_VERSION = 5.0;
				TARGETED_DEVICE_FAMILY = "1,2";
				TEST_TARGET_NAME = BusyShop;
			};
			name = Debug;
		};
		2769150A290A6822005F88AE /* Release */ = {
			isa = XCBuildConfiguration;
			baseConfigurationReference = CAC3782DDE20C3AF43B622DA /* Pods-BusyShop-BusyShopUITests.release.xcconfig */;
			buildSettings = {
				ALWAYS_EMBED_SWIFT_STANDARD_LIBRARIES = YES;
				CODE_SIGN_STYLE = Automatic;
				CURRENT_PROJECT_VERSION = 1;
				DEVELOPMENT_TEAM = 445NVAG6HL;
				GENERATE_INFOPLIST_FILE = YES;
				MARKETING_VERSION = 1.0;
				PRODUCT_BUNDLE_IDENTIFIER = mk.code.BusyShopUITests;
				PRODUCT_NAME = "$(TARGET_NAME)";
				SWIFT_EMIT_LOC_STRINGS = NO;
				SWIFT_VERSION = 5.0;
				TARGETED_DEVICE_FAMILY = "1,2";
				TEST_TARGET_NAME = BusyShop;
			};
			name = Release;
		};
/* End XCBuildConfiguration section */

/* Begin XCConfigurationList section */
		276914D3290A6821005F88AE /* Build configuration list for PBXProject "BusyShop" */ = {
			isa = XCConfigurationList;
			buildConfigurations = (
				27691500290A6822005F88AE /* Debug */,
				27691501290A6822005F88AE /* Release */,
			);
			defaultConfigurationIsVisible = 0;
			defaultConfigurationName = Release;
		};
		27691502290A6822005F88AE /* Build configuration list for PBXNativeTarget "BusyShop" */ = {
			isa = XCConfigurationList;
			buildConfigurations = (
				27691503290A6822005F88AE /* Debug */,
				27691504290A6822005F88AE /* Release */,
			);
			defaultConfigurationIsVisible = 0;
			defaultConfigurationName = Release;
		};
		27691505290A6822005F88AE /* Build configuration list for PBXNativeTarget "BusyShopTests" */ = {
			isa = XCConfigurationList;
			buildConfigurations = (
				27691506290A6822005F88AE /* Debug */,
				27691507290A6822005F88AE /* Release */,
			);
			defaultConfigurationIsVisible = 0;
			defaultConfigurationName = Release;
		};
		27691508290A6822005F88AE /* Build configuration list for PBXNativeTarget "BusyShopUITests" */ = {
			isa = XCConfigurationList;
			buildConfigurations = (
				27691509290A6822005F88AE /* Debug */,
				2769150A290A6822005F88AE /* Release */,
			);
			defaultConfigurationIsVisible = 0;
			defaultConfigurationName = Release;
		};
/* End XCConfigurationList section */
	};
	rootObject = 276914D0290A6821005F88AE /* Project object */;
}
